Microsoft Visual Studio Solution File, Format Version 12.00
# Visual Studio 2012
Project("{FAE04EC0-301F-11D3-BF4B-00C04F79EFBC}") = "zara-demo-godot", "zara-demo-godot.csproj", "{217429D7-0FDA-4807-9047-1C449488A4EB}"
EndProject
Global
	GlobalSection(SolutionConfigurationPlatforms) = preSolution
	Debug|Any CPU = Debug|Any CPU
	ExportDebug|Any CPU = ExportDebug|Any CPU
	ExportRelease|Any CPU = ExportRelease|Any CPU
	EndGlobalSection
	GlobalSection(ProjectConfigurationPlatforms) = postSolution
		{217429D7-0FDA-4807-9047-1C449488A4EB}.Debug|Any CPU.ActiveCfg = Debug|Any CPU
		{217429D7-0FDA-4807-9047-1C449488A4EB}.Debug|Any CPU.Build.0 = Debug|Any CPU
		{217429D7-0FDA-4807-9047-1C449488A4EB}.ExportDebug|Any CPU.ActiveCfg = ExportDebug|Any CPU
		{217429D7-0FDA-4807-9047-1C449488A4EB}.ExportDebug|Any CPU.Build.0 = ExportDebug|Any CPU
		{217429D7-0FDA-4807-9047-1C449488A4EB}.ExportRelease|Any CPU.ActiveCfg = ExportRelease|Any CPU
		{217429D7-0FDA-4807-9047-1C449488A4EB}.ExportRelease|Any CPU.Build.0 = ExportRelease|Any CPU
	EndGlobalSection
EndGlobal
